
Microsoft Visual Studio Solution File, Format Version 12.00
# Visual Studio 14
VisualStudioVersion = 14.0.25420.1
MinimumVisualStudioVersion = 10.0.40219.1
Project("{FAE04EC0-301F-11D3-BF4B-00C04F79EFBC}") = "FluxMath", "FluxMath\FluxMath.csproj", "{5390FE5E-9175-4A77-A83E-83DDDCF82111}"
EndProject
Project("{FAE04EC0-301F-11D3-BF4B-00C04F79EFBC}") = "Helpers", "Helpers\Helpers.csproj", "{159C066D-AF25-49B6-81E9-84A3823447C6}"
EndProject
Global
	GlobalSection(SolutionConfigurationPlatforms) = preSolution
		Debug|Any CPU = Debug|Any CPU
		Release|Any CPU = Release|Any CPU
	EndGlobalSection
	GlobalSection(ProjectConfigurationPlatforms) = postSolution
		{5390FE5E-9175-4A77-A83E-83DDDCF82111}.Debug|Any CPU.ActiveCfg = Debug|Any CPU
		{5390FE5E-9175-4A77-A83E-83DDDCF82111}.Debug|Any CPU.Build.0 = Debug|Any CPU
		{5390FE5E-9175-4A77-A83E-83DDDCF82111}.Release|Any CPU.ActiveCfg = Release|Any CPU
		{5390FE5E-9175-4A77-A83E-83DDDCF82111}.Release|Any CPU.Build.0 = Release|Any CPU
		{159C066D-AF25-49B6-81E9-84A3823447C6}.Debug|Any CPU.ActiveCfg = Debug|Any CPU
		{159C066D-AF25-49B6-81E9-84A3823447C6}.Debug|Any CPU.Build.0 = Debug|Any CPU
		{159C066D-AF25-49B6-81E9-84A3823447C6}.Release|Any CPU.ActiveCfg = Release|Any CPU
		{159C066D-AF25-49B6-81E9-84A3823447C6}.Release|Any CPU.Build.0 = Release|Any CPU
	EndGlobalSection
	GlobalSection(SolutionProperties) = preSolution
		HideSolutionNode = FALSE
	EndGlobalSection
EndGlobal
